
Microsoft Visual Studio Solution File, Format Version 12.00
# Visual Studio Version 16
VisualStudioVersion = 16.0.29306.81
MinimumVisualStudioVersion = 10.0.40219.1
Project("{FAE04EC0-301F-11D3-BF4B-00C04F79EFBC}") = "TurtleTest", "TurtleTest.csproj", "{8F52037A-5AF0-4897-A986-238A6195819C}"
EndProject
Global
	GlobalSection(SolutionConfigurationPlatforms) = preSolution
		Debug|Any CPU = Debug|Any CPU
		Release|Any CPU = Release|Any CPU
	EndGlobalSection
	GlobalSection(ProjectConfigurationPlatforms) = postSolution
		{8F52037A-5AF0-4897-A986-238A6195819C}.Debug|Any CPU.ActiveCfg = Debug|Any CPU
		{8F52037A-5AF0-4897-A986-238A6195819C}.Debug|Any CPU.Build.0 = Debug|Any CPU
		{8F52037A-5AF0-4897-A986-238A6195819C}.Release|Any CPU.ActiveCfg = Release|Any CPU
		{8F52037A-5AF0-4897-A986-238A6195819C}.Release|Any CPU.Build.0 = Release|Any CPU
	EndGlobalSection
	GlobalSection(SolutionProperties) = preSolution
		HideSolutionNode = FALSE
	EndGlobalSection
	GlobalSection(ExtensibilityGlobals) = postSolution
		SolutionGuid = {CA6EA1B1-E7E8-4952-AC01-DD5397857FDC}
	EndGlobalSection
EndGlobal
